<?xml version="1.0" encoding="UTF-8" standalone="yes" ?>
<CodeBlocks_project_file>
	<FileVersion major="1" minor="6" />
	<Project>
		<Option title="MiniProject1" />
		<Option pch_mode="2" />
		<Option compiler="gcc" />
		<Build>
			<Target title="Debug">
				<Option output="bin/Debug/MiniProject1" prefix_auto="1" extension_auto="1" />
				<Option object_output="obj/Debug/" />
				<Option type="1" />
				<Option compiler="gcc" />
				<Compiler>
					<Add option="-std=c++11" />
					<Add option="-g" />
					<Add directory="../../Libraries/allegro-5.0.10-mingw-4.7.0/include" />
				</Compiler>
				<Linker>
					<Add library="..\..\Libraries\allegro-5.0.10-mingw-4.7.0\bin\allegro-5.0.10-monolith-md-debug.dll" />
					<Add directory="../../Libraries/allegro-5.0.10-mingw-4.7.0/bin" />
				</Linker>
			</Target>
			<Target title="Release">
				<Option output="bin/Release/MiniProject1" prefix_auto="1" extension_auto="1" />
				<Option object_output="obj/Release/" />
				<Option type="1" />
				<Option compiler="gcc" />
				<Compiler>
					<Add option="-O2" />
				</Compiler>
				<Linker>
					<Add option="-s" />
				</Linker>
			</Target>
		</Build>
		<Compiler>
			<Add option="-Wall" />
			<Add directory="../../Libraries/allegro-5.0.10-mingw-4.7.0/include" />
		</Compiler>
		<Linker>
			<Add library="..\..\Libraries\allegro-5.0.10-mingw-4.7.0\bin\allegro-5.0.10-monolith-md-debug.dll" />
			<Add directory="../../Libraries/allegro-5.0.10-mingw-4.7.0/bin" />
		</Linker>
		<Unit filename="main.cpp" />
		<Extensions>
			<code_completion />
			<envvars />
			<debugger />
			<lib_finder disable_auto="1" />
		</Extensions>
	</Project>
</CodeBlocks_project_file>
